Microsoft Visual Studio Solution File, Format Version 12.00
# Visual Studio Version 17
VisualStudioVersion = 17.5.2.0
MinimumVisualStudioVersion = 10.0.40219.1
Project("{2150E333-8FDC-42A3-9474-1A3956D46DE8}") = "00-intro", "00-intro", "{7E74149B-5A58-EB6D-5548-788D100D4205}"
EndProject
Project("{FAE04EC0-301F-11D3-BF4B-00C04F79EFBC}") = "hola-mundo", "00-intro\hola-mundo\hola-mundo.csproj", "{48E0737F-F748-02F4-5C4C-588FD35CAB51}"
EndProject
Global
	GlobalSection(SolutionConfigurationPlatforms) = preSolution
		Debug|Any CPU = Debug|Any CPU
		Release|Any CPU = Release|Any CPU
	EndGlobalSection
	GlobalSection(ProjectConfigurationPlatforms) = postSolution
		{48E0737F-F748-02F4-5C4C-588FD35CAB51}.Debug|Any CPU.ActiveCfg = Debug|Any CPU
		{48E0737F-F748-02F4-5C4C-588FD35CAB51}.Debug|Any CPU.Build.0 = Debug|Any CPU
		{48E0737F-F748-02F4-5C4C-588FD35CAB51}.Release|Any CPU.ActiveCfg = Release|Any CPU
		{48E0737F-F748-02F4-5C4C-588FD35CAB51}.Release|Any CPU.Build.0 = Release|Any CPU
	EndGlobalSection
	GlobalSection(SolutionProperties) = preSolution
		HideSolutionNode = FALSE
	EndGlobalSection
	GlobalSection(NestedProjects) = preSolution
		{48E0737F-F748-02F4-5C4C-588FD35CAB51} = {7E74149B-5A58-EB6D-5548-788D100D4205}
	EndGlobalSection
	GlobalSection(ExtensibilityGlobals) = postSolution
		SolutionGuid = {D3A45AD9-DBAA-4574-9414-54F1CA2C3B89}
	EndGlobalSection
EndGlobal
